// !$*UTF8*$!
{
	archiveVersion = 1;
	classes = {
	};
	objectVersion = 46;
	objects = {

/* Begin PBXBuildFile section */
		1706A4CD1F090855007ED08C /* Assets.xcassets in Resources */ = {isa = PBXBuildFile; fileRef = 1706A4CC1F090855007ED08C /* Assets.xcassets */; };
		17208CCD1F0F651900B3903A /* AkiraTextField.swift in Sources */ = {isa = PBXBuildFile; fileRef = 17208CC11F0F651900B3903A /* AkiraTextField.swift */; };
		17208CCE1F0F651900B3903A /* HoshiTextField.swift in Sources */ = {isa = PBXBuildFile; fileRef = 17208CC21F0F651900B3903A /* HoshiTextField.swift */; };
		17208CD01F0F651900B3903A /* IsaoTextField.swift in Sources */ = {isa = PBXBuildFile; fileRef = 17208CC41F0F651900B3903A /* IsaoTextField.swift */; };
		17208CD11F0F651900B3903A /* JiroTextField.swift in Sources */ = {isa = PBXBuildFile; fileRef = 17208CC51F0F651900B3903A /* JiroTextField.swift */; };
		17208CD21F0F651900B3903A /* KaedeTextField.swift in Sources */ = {isa = PBXBuildFile; fileRef = 17208CC61F0F651900B3903A /* KaedeTextField.swift */; };
		17208CD31F0F651900B3903A /* MadokaTextField.swift in Sources */ = {isa = PBXBuildFile; fileRef = 17208CC71F0F651900B3903A /* MadokaTextField.swift */; };
		17208CD41F0F651900B3903A /* MinoruTextField.swift in Sources */ = {isa = PBXBuildFile; fileRef = 17208CC81F0F651900B3903A /* MinoruTextField.swift */; };
		17208CD51F0F651900B3903A /* TextFieldEffects.swift in Sources */ = {isa = PBXBuildFile; fileRef = 17208CCA1F0F651900B3903A /* TextFieldEffects.swift */; };
		17208CD61F0F651900B3903A /* YokoTextField.swift in Sources */ = {isa = PBXBuildFile; fileRef = 17208CCB1F0F651900B3903A /* YokoTextField.swift */; };
		17208CD71F0F651900B3903A /* YoshikoTextField.swift in Sources */ = {isa = PBXBuildFile; fileRef = 17208CCC1F0F651900B3903A /* YoshikoTextField.swift */; };
		172141BE1EFD55DB005B1CC2 /* SplashScreenViewController.swift in Sources */ = {isa = PBXBuildFile; fileRef = 172141BD1EFD55DB005B1CC2 /* SplashScreenViewController.swift */; };
		172141C61EFD56F4005B1CC2 /* Constants.swift in Sources */ = {isa = PBXBuildFile; fileRef = 172141C51EFD56F4005B1CC2 /* Constants.swift */; };
		172141CB1EFD5844005B1CC2 /* ColorExtension.swift in Sources */ = {isa = PBXBuildFile; fileRef = 172141CA1EFD5844005B1CC2 /* ColorExtension.swift */; };
		1747E32D1EFE151900325011 /* HomeViewController.swift in Sources */ = {isa = PBXBuildFile; fileRef = 1747E32C1EFE151900325011 /* HomeViewController.swift */; };
		17AB183B1F1687A9007AA423 /* AnimationUtil.swift in Sources */ = {isa = PBXBuildFile; fileRef = 17AB183A1F1687A9007AA423 /* AnimationUtil.swift */; };
		17AB183D1F171E8A007AA423 /* ImageView+KingFisherExtension.swift in Sources */ = {isa = PBXBuildFile; fileRef = 17AB183C1F171E8A007AA423 /* ImageView+KingFisherExtension.swift */; };
		17ABBEC01F1D10E700F86DAC /* BookingHistoryViewController.swift in Sources */ = {isa = PBXBuildFile; fileRef = 17ABBEBF1F1D10E700F86DAC /* BookingHistoryViewController.swift */; };
		17ABBEC21F1D115600F86DAC /* HistoryBookingController.swift in Sources */ = {isa = PBXBuildFile; fileRef = 17ABBEC11F1D115600F86DAC /* HistoryBookingController.swift */; };
		17B47C001F0415B50074CB42 /* OrderController.swift in Sources */ = {isa = PBXBuildFile; fileRef = 17B47BFF1F0415B50074CB42 /* OrderController.swift */; };
		17B47C051F04249C0074CB42 /* Popover.swift in Sources */ = {isa = PBXBuildFile; fileRef = 17B47C041F04249C0074CB42 /* Popover.swift */; };
		17B47C071F042C350074CB42 /* OrderModel.swift in Sources */ = {isa = PBXBuildFile; fileRef = 17B47C061F042C350074CB42 /* OrderModel.swift */; };
		17B81E7A1EFE59390058875D /* MapStyle.json in Resources */ = {isa = PBXBuildFile; fileRef = 17B81E791EFE59390058875D /* MapStyle.json */; };
		17B81E7F1EFE62950058875D /* SalonStoreModel.swift in Sources */ = {isa = PBXBuildFile; fileRef = 17B81E7E1EFE62950058875D /* SalonStoreModel.swift */; };
		17B81E811EFE7BC00058875D /* NotificationViewController.swift in Sources */ = {isa = PBXBuildFile; fileRef = 17B81E801EFE7BC00058875D /* NotificationViewController.swift */; };
		17B81E831EFE89320058875D /* StoreWithProductViewController.swift in Sources */ = {isa = PBXBuildFile; fileRef = 17B81E821EFE89320058875D /* StoreWithProductViewController.swift */; };
		17B81E851EFEBB550058875D /* SalonProductModel.swift in Sources */ = {isa = PBXBuildFile; fileRef = 17B81E841EFEBB550058875D /* SalonProductModel.swift */; };
		17B81E871EFEC2820058875D /* ProductTableViewCell.swift in Sources */ = {isa = PBXBuildFile; fileRef = 17B81E861EFEC2820058875D /* ProductTableViewCell.swift */; };
		17B81E891EFEEBEA0058875D /* SettingViewController.swift in Sources */ = {isa = PBXBuildFile; fileRef = 17B81E881EFEEBEA0058875D /* SettingViewController.swift */; };
		17B81E8B1EFEECA40058875D /* CartViewController.swift in Sources */ = {isa = PBXBuildFile; fileRef = 17B81E8A1EFEECA40058875D /* CartViewController.swift */; };
		17B81E8F1EFEF5220058875D /* StringExtension.swift in Sources */ = {isa = PBXBuildFile; fileRef = 17B81E8E1EFEF5220058875D /* StringExtension.swift */; };
		17B81E911EFFEE4D0058875D /* CartTableViewCell.swift in Sources */ = {isa = PBXBuildFile; fileRef = 17B81E901EFFEE4D0058875D /* CartTableViewCell.swift */; };
		17B81E931F0017A10058875D /* StaffViewController.swift in Sources */ = {isa = PBXBuildFile; fileRef = 17B81E921F0017A10058875D /* StaffViewController.swift */; };
		17B81E951F0017BA0058875D /* SubmitOrderViewController.swift in Sources */ = {isa = PBXBuildFile; fileRef = 17B81E941F0017BA0058875D /* SubmitOrderViewController.swift */; };
		17B81E971F0018F20058875D /* StaffModel.swift in Sources */ = {isa = PBXBuildFile; fileRef = 17B81E961F0018F20058875D /* StaffModel.swift */; };
		17B81E991F001CCA0058875D /* StaffTableViewCell.swift in Sources */ = {isa = PBXBuildFile; fileRef = 17B81E981F001CCA0058875D /* StaffTableViewCell.swift */; };
		17B81E9B1F0052870058875D /* PopupUtil.swift in Sources */ = {isa = PBXBuildFile; fileRef = 17B81E9A1F0052870058875D /* PopupUtil.swift */; };
		17B81E9D1F00578A0058875D /* NotificationModel.swift in Sources */ = {isa = PBXBuildFile; fileRef = 17B81E9C1F00578A0058875D /* NotificationModel.swift */; };
		17B81E9F1F005B320058875D /* NotificationTableViewCell.swift in Sources */ = {isa = PBXBuildFile; fileRef = 17B81E9E1F005B320058875D /* NotificationTableViewCell.swift */; };
		17B81EA11F0061ED0058875D /* NotificationItemViewController.swift in Sources */ = {isa = PBXBuildFile; fileRef = 17B81EA01F0061ED0058875D /* NotificationItemViewController.swift */; };
		17E810F322D4518575B2BD46 /* Pods_SSSOrder.framework in Frameworks */ = {isa = PBXBuildFile; fileRef = 4B7073DD9A428B32E4966881 /* Pods_SSSOrder.framework */; };
		17F6B5191EFD6E8A00183139 /* LoginViewController.swift in Sources */ = {isa = PBXBuildFile; fileRef = 17F6B5181EFD6E8A00183139 /* LoginViewController.swift */; };
		17F6B51C1EFD778000183139 /* CustomInputField.swift in Sources */ = {isa = PBXBuildFile; fileRef = 17F6B51B1EFD778000183139 /* CustomInputField.swift */; };
		17F6B51F1EFD832B00183139 /* Localizable.strings in Resources */ = {isa = PBXBuildFile; fileRef = 17F6B5211EFD832B00183139 /* Localizable.strings */; };
		17F6B5231EFDA45300183139 /* RegisterViewController.swift in Sources */ = {isa = PBXBuildFile; fileRef = 17F6B5221EFDA45300183139 /* RegisterViewController.swift */; };
		17FE29661F1225D800997E13 /* MyTabbar.swift in Sources */ = {isa = PBXBuildFile; fileRef = 17FE29651F1225D800997E13 /* MyTabbar.swift */; };
		17FE296A1F12483D00997E13 /* CalendarCollectionViewCell.swift in Sources */ = {isa = PBXBuildFile; fileRef = 17FE29691F12483D00997E13 /* CalendarCollectionViewCell.swift */; };
		17FE296D1F12AFF200997E13 /* FloatRatingView.swift in Sources */ = {isa = PBXBuildFile; fileRef = 17FE296C1F12AFF200997E13 /* FloatRatingView.swift */; };
		17FE29791F1375B200997E13 /* HelveticaNeueLTStd-Lt.ttf in Resources */ = {isa = PBXBuildFile; fileRef = 17FE29781F1375B200997E13 /* HelveticaNeueLTStd-Lt.ttf */; };
		17FE29811F1625D100997E13 /* MyMarkerMap.swift in Sources */ = {isa = PBXBuildFile; fileRef = 17FE29801F1625D100997E13 /* MyMarkerMap.swift */; };
		385938621EFCF76800087743 /* AppDelegate.swift in Sources */ = {isa = PBXBuildFile; fileRef = 385938611EFCF76800087743 /* AppDelegate.swift */; };
		385938671EFCF76800087743 /* Main.storyboard in Resources */ = {isa = PBXBuildFile; fileRef = 385938651EFCF76800087743 /* Main.storyboard */; };
		3859386C1EFCF76800087743 /* LaunchScreen.storyboard in Resources */ = {isa = PBXBuildFile; fileRef = 3859386A1EFCF76800087743 /* LaunchScreen.storyboard */; };
		385938771EFCF76900087743 /* SSSOrderTests.swift in Sources */ = {isa = PBXBuildFile; fileRef = 385938761EFCF76900087743 /* SSSOrderTests.swift */; };
		38A7498D1F08EDF900C89CE2 /* UserNotifications.framework in Frameworks */ = {isa = PBXBuildFile; fileRef = 38A7498C1F08EDF900C89CE2 /* UserNotifications.framework */; };
		38B57AA81F0E1AA0004A1740 /* ViewExtension.swift in Sources */ = {isa = PBXBuildFile; fileRef = 38B57AA71F0E1AA0004A1740 /* ViewExtension.swift */; };
		38CB8B651EFCF8760052D5FC /* BaseController.swift in Sources */ = {isa = PBXBuildFile; fileRef = 38CB8B641EFCF8760052D5FC /* BaseController.swift */; };
		38E439DB1F035BD100F4129E /* LoginController.swift in Sources */ = {isa = PBXBuildFile; fileRef = 38E439DA1F035BD100F4129E /* LoginController.swift */; };
		38E439DD1F0381D000F4129E /* RegisterController.swift in Sources */ = {isa = PBXBuildFile; fileRef = 38E439DC1F0381D000F4129E /* RegisterController.swift */; };
		38E439DF1F038F7800F4129E /* StoreController.swift in Sources */ = {isa = PBXBuildFile; fileRef = 38E439DE1F038F7800F4129E /* StoreController.swift */; };
		38E439E11F03AB2800F4129E /* ProductController.swift in Sources */ = {isa = PBXBuildFile; fileRef = 38E439E01F03AB2800F4129E /* ProductController.swift */; };
		38E439E31F04CD6F00F4129E /* DateUtil.swift in Sources */ = {isa = PBXBuildFile; fileRef = 38E439E21F04CD6F00F4129E /* DateUtil.swift */; };
		38E439E51F04D39F00F4129E /* PaymentModel.swift in Sources */ = {isa = PBXBuildFile; fileRef = 38E439E41F04D39F00F4129E /* PaymentModel.swift */; };
		38E439E71F04FB9400F4129E /* SettingItemTableViewCell.swift in Sources */ = {isa = PBXBuildFile; fileRef = 38E439E61F04FB9400F4129E /* SettingItemTableViewCell.swift */; };
		38E476E91F02464600274CE8 /* User.swift in Sources */ = {isa = PBXBuildFile; fileRef = 38E476E81F02464600274CE8 /* User.swift */; };
		38E476EB1F02480700274CE8 /* UserDefaultUtils.swift in Sources */ = {isa = PBXBuildFile; fileRef = 38E476EA1F02480700274CE8 /* UserDefaultUtils.swift */; };
		38E476EE1F02624900274CE8 /* APIService.swift in Sources */ = {isa = PBXBuildFile; fileRef = 38E476ED1F02624900274CE8 /* APIService.swift */; };
		38EA1E711F0B3E1000BB3BCC /* NotificationController.swift in Sources */ = {isa = PBXBuildFile; fileRef = 38EA1E701F0B3E1000BB3BCC /* NotificationController.swift */; };
		5BDFA93F4525E288DB8679B0 /* Pods_SSSOrderTests.framework in Frameworks */ = {isa = PBXBuildFile; fileRef = 4D9EF06BFDDA08F2BFAFB084 /* Pods_SSSOrderTests.framework */; };
/* End PBXBuildFile section */

/* Begin PBXContainerItemProxy section */
		385938731EFCF76900087743 /* PBXContainerItemProxy */ = {
			isa = PBXContainerItemProxy;
			containerPortal = 385938561EFCF76700087743 /* Project object */;
			proxyType = 1;
			remoteGlobalIDString = 3859385D1EFCF76700087743;
			remoteInfo = SSSOrder;
		};
/* End PBXContainerItemProxy section */

/* Begin PBXFileReference section */
		1706A4CC1F090855007ED08C /* Assets.xcassets */ = {isa = PBXFileReference; lastKnownFileType = folder.assetcatalog; path = Assets.xcassets; sourceTree = "<group>"; };
		17208CC11F0F651900B3903A /* AkiraTextField.swift */ = {isa = PBXFileReference; fileEncoding = 4; lastKnownFileType = sourcecode.swift; path = AkiraTextField.swift; sourceTree = "<group>"; };
		17208CC21F0F651900B3903A /* HoshiTextField.swift */ = {isa = PBXFileReference; fileEncoding = 4; lastKnownFileType = sourcecode.swift; path = HoshiTextField.swift; sourceTree = "<group>"; };
		17208CC41F0F651900B3903A /* IsaoTextField.swift */ = {isa = PBXFileReference; fileEncoding = 4; lastKnownFileType = sourcecode.swift; path = IsaoTextField.swift; sourceTree = "<group>"; };
		17208CC51F0F651900B3903A /* JiroTextField.swift */ = {isa = PBXFileReference; fileEncoding = 4; lastKnownFileType = sourcecode.swift; path = JiroTextField.swift; sourceTree = "<group>"; };
		17208CC61F0F651900B3903A /* KaedeTextField.swift */ = {isa = PBXFileReference; fileEncoding = 4; lastKnownFileType = sourcecode.swift; path = KaedeTextField.swift; sourceTree = "<group>"; };
		17208CC71F0F651900B3903A /* MadokaTextField.swift */ = {isa = PBXFileReference; fileEncoding = 4; lastKnownFileType = sourcecode.swift; path = MadokaTextField.swift; sourceTree = "<group>"; };
		17208CC81F0F651900B3903A /* MinoruTextField.swift */ = {isa = PBXFileReference; fileEncoding = 4; lastKnownFileType = sourcecode.swift; path = MinoruTextField.swift; sourceTree = "<group>"; };
		17208CC91F0F651900B3903A /* TextFieldEffects.h */ = {isa = PBXFileReference; fileEncoding = 4; lastKnownFileType = sourcecode.c.h; path = TextFieldEffects.h; sourceTree = "<group>"; };
		17208CCA1F0F651900B3903A /* TextFieldEffects.swift */ = {isa = PBXFileReference; fileEncoding = 4; lastKnownFileType = sourcecode.swift; path = TextFieldEffects.swift; sourceTree = "<group>"; };
		17208CCB1F0F651900B3903A /* YokoTextField.swift */ = {isa = PBXFileReference; fileEncoding = 4; lastKnownFileType = sourcecode.swift; path = YokoTextField.swift; sourceTree = "<group>"; };
		17208CCC1F0F651900B3903A /* YoshikoTextField.swift */ = {isa = PBXFileReference; fileEncoding = 4; lastKnownFileType = sourcecode.swift; path = YoshikoTextField.swift; sourceTree = "<group>"; };
		172141BD1EFD55DB005B1CC2 /* SplashScreenViewController.swift */ = {isa = PBXFileReference; fileEncoding = 4; lastKnownFileType = sourcecode.swift; path = SplashScreenViewController.swift; sourceTree = "<group>"; };
		172141C51EFD56F4005B1CC2 /* Constants.swift */ = {isa = PBXFileReference; fileEncoding = 4; lastKnownFileType = sourcecode.swift; path = Constants.swift; sourceTree = "<group>"; };
		172141CA1EFD5844005B1CC2 /* ColorExtension.swift */ = {isa = PBXFileReference; fileEncoding = 4; lastKnownFileType = sourcecode.swift; path = ColorExtension.swift; sourceTree = "<group>"; };
		1747E32C1EFE151900325011 /* HomeViewController.swift */ = {isa = PBXFileReference; fileEncoding = 4; lastKnownFileType = sourcecode.swift; path = HomeViewController.swift; sourceTree = "<group>"; };
		17AB183A1F1687A9007AA423 /* AnimationUtil.swift */ = {isa = PBXFileReference; fileEncoding = 4; lastKnownFileType = sourcecode.swift; path = AnimationUtil.swift; sourceTree = "<group>"; };
		17AB183C1F171E8A007AA423 /* ImageView+KingFisherExtension.swift */ = {isa = PBXFileReference; fileEncoding = 4; lastKnownFileType = sourcecode.swift; path = "ImageView+KingFisherExtension.swift"; sourceTree = "<group>"; };
		17ABBEBF1F1D10E700F86DAC /* BookingHistoryViewController.swift */ = {isa = PBXFileReference; fileEncoding = 4; lastKnownFileType = sourcecode.swift; path = BookingHistoryViewController.swift; sourceTree = "<group>"; };
		17ABBEC11F1D115600F86DAC /* HistoryBookingController.swift */ = {isa = PBXFileReference; fileEncoding = 4; lastKnownFileType = sourcecode.swift; path = HistoryBookingController.swift; sourceTree = "<group>"; };
		17B47BFF1F0415B50074CB42 /* OrderController.swift */ = {isa = PBXFileReference; fileEncoding = 4; lastKnownFileType = sourcecode.swift; path = OrderController.swift; sourceTree = "<group>"; };
		17B47C041F04249C0074CB42 /* Popover.swift */ = {isa = PBXFileReference; fileEncoding = 4; lastKnownFileType = sourcecode.swift; path = Popover.swift; sourceTree = "<group>"; };
		17B47C061F042C350074CB42 /* OrderModel.swift */ = {isa = PBXFileReference; fileEncoding = 4; lastKnownFileType = sourcecode.swift; path = OrderModel.swift; sourceTree = "<group>"; };
		17B81E791EFE59390058875D /* MapStyle.json */ = {isa = PBXFileReference; fileEncoding = 4; lastKnownFileType = text.json; path = MapStyle.json; sourceTree = "<group>"; };
		17B81E7E1EFE62950058875D /* SalonStoreModel.swift */ = {isa = PBXFileReference; fileEncoding = 4; lastKnownFileType = sourcecode.swift; path = SalonStoreModel.swift; sourceTree = "<group>"; };
		17B81E801EFE7BC00058875D /* NotificationViewController.swift */ = {isa = PBXFileReference; fileEncoding = 4; lastKnownFileType = sourcecode.swift; path = NotificationViewController.swift; sourceTree = "<group>"; };
		17B81E821EFE89320058875D /* StoreWithProductViewController.swift */ = {isa = PBXFileReference; fileEncoding = 4; lastKnownFileType = sourcecode.swift; path = StoreWithProductViewController.swift; sourceTree = "<group>"; };
		17B81E841EFEBB550058875D /* SalonProductModel.swift */ = {isa = PBXFileReference; fileEncoding = 4; lastKnownFileType = sourcecode.swift; path = SalonProductModel.swift; sourceTree = "<group>"; };
		17B81E861EFEC2820058875D /* ProductTableViewCell.swift */ = {isa = PBXFileReference; fileEncoding = 4; lastKnownFileType = sourcecode.swift; path = ProductTableViewCell.swift; sourceTree = "<group>"; };
		17B81E881EFEEBEA0058875D /* SettingViewController.swift */ = {isa = PBXFileReference; fileEncoding = 4; lastKnownFileType = sourcecode.swift; path = SettingViewController.swift; sourceTree = "<group>"; };
		17B81E8A1EFEECA40058875D /* CartViewController.swift */ = {isa = PBXFileReference; fileEncoding = 4; lastKnownFileType = sourcecode.swift; path = CartViewController.swift; sourceTree = "<group>"; };
		17B81E8E1EFEF5220058875D /* StringExtension.swift */ = {isa = PBXFileReference; fileEncoding = 4; lastKnownFileType = sourcecode.swift; path = StringExtension.swift; sourceTree = "<group>"; };
		17B81E901EFFEE4D0058875D /* CartTableViewCell.swift */ = {isa = PBXFileReference; fileEncoding = 4; lastKnownFileType = sourcecode.swift; path = CartTableViewCell.swift; sourceTree = "<group>"; };
		17B81E921F0017A10058875D /* StaffViewController.swift */ = {isa = PBXFileReference; fileEncoding = 4; lastKnownFileType = sourcecode.swift; path = StaffViewController.swift; sourceTree = "<group>"; };
		17B81E941F0017BA0058875D /* SubmitOrderViewController.swift */ = {isa = PBXFileReference; fileEncoding = 4; lastKnownFileType = sourcecode.swift; path = SubmitOrderViewController.swift; sourceTree = "<group>"; };
		17B81E961F0018F20058875D /* StaffModel.swift */ = {isa = PBXFileReference; fileEncoding = 4; lastKnownFileType = sourcecode.swift; path = StaffModel.swift; sourceTree = "<group>"; };
		17B81E981F001CCA0058875D /* StaffTableViewCell.swift */ = {isa = PBXFileReference; fileEncoding = 4; lastKnownFileType = sourcecode.swift; path = StaffTableViewCell.swift; sourceTree = "<group>"; };
		17B81E9A1F0052870058875D /* PopupUtil.swift */ = {isa = PBXFileReference; fileEncoding = 4; lastKnownFileType = sourcecode.swift; path = PopupUtil.swift; sourceTree = "<group>"; };
		17B81E9C1F00578A0058875D /* NotificationModel.swift */ = {isa = PBXFileReference; fileEncoding = 4; lastKnownFileType = sourcecode.swift; path = NotificationModel.swift; sourceTree = "<group>"; };
		17B81E9E1F005B320058875D /* NotificationTableViewCell.swift */ = {isa = PBXFileReference; fileEncoding = 4; lastKnownFileType = sourcecode.swift; path = NotificationTableViewCell.swift; sourceTree = "<group>"; };
		17B81EA01F0061ED0058875D /* NotificationItemViewController.swift */ = {isa = PBXFileReference; fileEncoding = 4; lastKnownFileType = sourcecode.swift; path = NotificationItemViewController.swift; sourceTree = "<group>"; };
		17F6B5181EFD6E8A00183139 /* LoginViewController.swift */ = {isa = PBXFileReference; fileEncoding = 4; lastKnownFileType = sourcecode.swift; path = LoginViewController.swift; sourceTree = "<group>"; };
		17F6B51B1EFD778000183139 /* CustomInputField.swift */ = {isa = PBXFileReference; fileEncoding = 4; lastKnownFileType = sourcecode.swift; path = CustomInputField.swift; sourceTree = "<group>"; };
		17F6B5201EFD832B00183139 /* Base */ = {isa = PBXFileReference; lastKnownFileType = text.plist.strings; name = Base; path = Base.lproj/Localizable.strings; sourceTree = "<group>"; };
		17F6B5221EFDA45300183139 /* RegisterViewController.swift */ = {isa = PBXFileReference; fileEncoding = 4; lastKnownFileType = sourcecode.swift; path = RegisterViewController.swift; sourceTree = "<group>"; };
		17FE29651F1225D800997E13 /* MyTabbar.swift */ = {isa = PBXFileReference; fileEncoding = 4; lastKnownFileType = sourcecode.swift; path = MyTabbar.swift; sourceTree = "<group>"; };
		17FE29691F12483D00997E13 /* CalendarCollectionViewCell.swift */ = {isa = PBXFileReference; fileEncoding = 4; lastKnownFileType = sourcecode.swift; path = CalendarCollectionViewCell.swift; sourceTree = "<group>"; };
		17FE296C1F12AFF200997E13 /* FloatRatingView.swift */ = {isa = PBXFileReference; fileEncoding = 4; lastKnownFileType = sourcecode.swift; path = FloatRatingView.swift; sourceTree = "<group>"; };
		17FE29781F1375B200997E13 /* HelveticaNeueLTStd-Lt.ttf */ = {isa = PBXFileReference; lastKnownFileType = file; path = "HelveticaNeueLTStd-Lt.ttf"; sourceTree = "<group>"; };
		17FE29801F1625D100997E13 /* MyMarkerMap.swift */ = {isa = PBXFileReference; fileEncoding = 4; lastKnownFileType = sourcecode.swift; path = MyMarkerMap.swift; sourceTree = "<group>"; };
		31D8A477D870A20A83859563 /* Pods-SSSOrderTests.release.xcconfig */ = {isa = PBXFileReference; includeInIndex = 1; lastKnownFileType = text.xcconfig; name = "Pods-SSSOrderTests.release.xcconfig"; path = "Pods/Target Support Files/Pods-SSSOrderTests/Pods-SSSOrderTests.release.xcconfig"; sourceTree = "<group>"; };
		3859385E1EFCF76800087743 /* SSSOrder.app */ = {isa = PBXFileReference; explicitFileType = wrapper.application; includeInIndex = 0; path = SSSOrder.app; sourceTree = BUILT_PRODUCTS_DIR; };
		385938611EFCF76800087743 /* AppDelegate.swift */ = {isa = PBXFileReference; lastKnownFileType = sourcecode.swift; path = AppDelegate.swift; sourceTree = "<group>"; };
		385938661EFCF76800087743 /* Base */ = {isa = PBXFileReference; lastKnownFileType = file.storyboard; name = Base; path = Base.lproj/Main.storyboard; sourceTree = "<group>"; };
		3859386B1EFCF76800087743 /* Base */ = {isa = PBXFileReference; lastKnownFileType = file.storyboard; name = Base; path = Base.lproj/LaunchScreen.storyboard; sourceTree = "<group>"; };
		3859386D1EFCF76800087743 /* Info.plist */ = {isa = PBXFileReference; lastKnownFileType = text.plist.xml; path = Info.plist; sourceTree = "<group>"; };
		385938721EFCF76900087743 /* SSSOrderTests.xctest */ = {isa = PBXFileReference; explicitFileType = wrapper.cfbundle; includeInIndex = 0; path = SSSOrderTests.xctest; sourceTree = BUILT_PRODUCTS_DIR; };
		385938761EFCF76900087743 /* SSSOrderTests.swift */ = {isa = PBXFileReference; lastKnownFileType = sourcecode.swift; path = SSSOrderTests.swift; sourceTree = "<group>"; };
		385938781EFCF76900087743 /* Info.plist */ = {isa = PBXFileReference; lastKnownFileType = text.plist.xml; path = Info.plist; sourceTree = "<group>"; };
		38A749891F08EC0100C89CE2 /* SSSOrder.entitlements */ = {isa = PBXFileReference; lastKnownFileType = text.plist.entitlements; path = SSSOrder.entitlements; sourceTree = "<group>"; };
		38A7498A1F08EDEC00C89CE2 /* UserNotificationsUI.framework */ = {isa = PBXFileReference; lastKnownFileType = wrapper.framework; name = UserNotificationsUI.framework; path = System/Library/Frameworks/UserNotificationsUI.framework; sourceTree = SDKROOT; };
		38A7498C1F08EDF900C89CE2 /* UserNotifications.framework */ = {isa = PBXFileReference; lastKnownFileType = wrapper.framework; name = UserNotifications.framework; path = System/Library/Frameworks/UserNotifications.framework; sourceTree = SDKROOT; };
		38B57AA71F0E1AA0004A1740 /* ViewExtension.swift */ = {isa = PBXFileReference; fileEncoding = 4; lastKnownFileType = sourcecode.swift; path = ViewExtension.swift; sourceTree = "<group>"; };
		38CB8B641EFCF8760052D5FC /* BaseController.swift */ = {isa = PBXFileReference; fileEncoding = 4; lastKnownFileType = sourcecode.swift; path = BaseController.swift; sourceTree = "<group>"; };
		38E439DA1F035BD100F4129E /* LoginController.swift */ = {isa = PBXFileReference; fileEncoding = 4; lastKnownFileType = sourcecode.swift; path = LoginController.swift; sourceTree = "<group>"; };
		38E439DC1F0381D000F4129E /* RegisterController.swift */ = {isa = PBXFileReference; fileEncoding = 4; lastKnownFileType = sourcecode.swift; path = RegisterController.swift; sourceTree = "<group>"; };
		38E439DE1F038F7800F4129E /* StoreController.swift */ = {isa = PBXFileReference; fileEncoding = 4; lastKnownFileType = sourcecode.swift; path = StoreController.swift; sourceTree = "<group>"; };
		38E439E01F03AB2800F4129E /* ProductController.swift */ = {isa = PBXFileReference; fileEncoding = 4; lastKnownFileType = sourcecode.swift; path = ProductController.swift; sourceTree = "<group>"; };
		38E439E21F04CD6F00F4129E /* DateUtil.swift */ = {isa = PBXFileReference; fileEncoding = 4; lastKnownFileType = sourcecode.swift; path = DateUtil.swift; sourceTree = "<group>"; };
		38E439E41F04D39F00F4129E /* PaymentModel.swift */ = {isa = PBXFileReference; fileEncoding = 4; lastKnownFileType = sourcecode.swift; path = PaymentModel.swift; sourceTree = "<group>"; };
		38E439E61F04FB9400F4129E /* SettingItemTableViewCell.swift */ = {isa = PBXFileReference; fileEncoding = 4; lastKnownFileType = sourcecode.swift; path = SettingItemTableViewCell.swift; sourceTree = "<group>"; };
		38E476E81F02464600274CE8 /* User.swift */ = {isa = PBXFileReference; fileEncoding = 4; lastKnownFileType = sourcecode.swift; path = User.swift; sourceTree = "<group>"; };
		38E476EA1F02480700274CE8 /* UserDefaultUtils.swift */ = {isa = PBXFileReference; fileEncoding = 4; lastKnownFileType = sourcecode.swift; path = UserDefaultUtils.swift; sourceTree = "<group>"; };
		38E476ED1F02624900274CE8 /* APIService.swift */ = {isa = PBXFileReference; fileEncoding = 4; lastKnownFileType = sourcecode.swift; path = APIService.swift; sourceTree = "<group>"; };
		38EA1E701F0B3E1000BB3BCC /* NotificationController.swift */ = {isa = PBXFileReference; fileEncoding = 4; lastKnownFileType = sourcecode.swift; path = NotificationController.swift; sourceTree = "<group>"; };
		4B7073DD9A428B32E4966881 /* Pods_SSSOrder.framework */ = {isa = PBXFileReference; explicitFileType = wrapper.framework; includeInIndex = 0; path = Pods_SSSOrder.framework; sourceTree = BUILT_PRODUCTS_DIR; };
		4D9EF06BFDDA08F2BFAFB084 /* Pods_SSSOrderTests.framework */ = {isa = PBXFileReference; explicitFileType = wrapper.framework; includeInIndex = 0; path = Pods_SSSOrderTests.framework; sourceTree = BUILT_PRODUCTS_DIR; };
		A78DCD252694CA64FB63C534 /* Pods-SSSOrder.release.xcconfig */ = {isa = PBXFileReference; includeInIndex = 1; lastKnownFileType = text.xcconfig; name = "Pods-SSSOrder.release.xcconfig"; path = "Pods/Target Support Files/Pods-SSSOrder/Pods-SSSOrder.release.xcconfig"; sourceTree = "<group>"; };
		AEEF60487A17C3777E1032ED /* Pods-SSSOrder.debug.xcconfig */ = {isa = PBXFileReference; includeInIndex = 1; lastKnownFileType = text.xcconfig; name = "Pods-SSSOrder.debug.xcconfig"; path = "Pods/Target Support Files/Pods-SSSOrder/Pods-SSSOrder.debug.xcconfig"; sourceTree = "<group>"; };
		BD35738B1CCDA6CB3BEC6632 /* Pods-SSSOrderTests.debug.xcconfig */ = {isa = PBXFileReference; includeInIndex = 1; lastKnownFileType = text.xcconfig; name = "Pods-SSSOrderTests.debug.xcconfig"; path = "Pods/Target Support Files/Pods-SSSOrderTests/Pods-SSSOrderTests.debug.xcconfig"; sourceTree = "<group>"; };
/* End PBXFileReference section */

/* Begin PBXFrameworksBuildPhase section */
		3859385B1EFCF76700087743 /* Frameworks */ = {
			isa = PBXFrameworksBuildPhase;
			buildActionMask = 2147483647;
			files = (
				38A7498D1F08EDF900C89CE2 /* UserNotifications.framework in Frameworks */,
				17E810F322D4518575B2BD46 /* Pods_SSSOrder.framework in Frameworks */,
			);
			runOnlyForDeploymentPostprocessing = 0;
		};
		3859386F1EFCF76900087743 /* Frameworks */ = {
			isa = PBXFrameworksBuildPhase;
			buildActionMask = 2147483647;
			files = (
				5BDFA93F4525E288DB8679B0 /* Pods_SSSOrderTests.framework in Frameworks */,
			);
			runOnlyForDeploymentPostprocessing = 0;
		};
/* End PBXFrameworksBuildPhase section */

/* Begin PBXGroup section */
		17208CBF1F0F651900B3903A /* Vendors */ = {
			isa = PBXGroup;
			children = (
				17FE29771F1375B200997E13 /* Fonts */,
				17FE296B1F12AFF200997E13 /* FloatRating */,
				17208CC01F0F651900B3903A /* TextFieldEffects */,
			);
			path = Vendors;
			sourceTree = "<group>";
		};
		17208CC01F0F651900B3903A /* TextFieldEffects */ = {
			isa = PBXGroup;
			children = (
				17208CC11F0F651900B3903A /* AkiraTextField.swift */,
				17208CC21F0F651900B3903A /* HoshiTextField.swift */,
				17208CC41F0F651900B3903A /* IsaoTextField.swift */,
				17208CC51F0F651900B3903A /* JiroTextField.swift */,
				17208CC61F0F651900B3903A /* KaedeTextField.swift */,
				17208CC71F0F651900B3903A /* MadokaTextField.swift */,
				17208CC81F0F651900B3903A /* MinoruTextField.swift */,
				17208CC91F0F651900B3903A /* TextFieldEffects.h */,
				17208CCA1F0F651900B3903A /* TextFieldEffects.swift */,
				17208CCB1F0F651900B3903A /* YokoTextField.swift */,
				17208CCC1F0F651900B3903A /* YoshikoTextField.swift */,
			);
			path = TextFieldEffects;
			sourceTree = "<group>";
		};
		172141C31EFD56F4005B1CC2 /* Common */ = {
			isa = PBXGroup;
			children = (
				172141C91EFD5824005B1CC2 /* Util */,
				172141C41EFD56F4005B1CC2 /* Constant */,
			);
			path = Common;
			sourceTree = "<group>";
		};
		172141C41EFD56F4005B1CC2 /* Constant */ = {
			isa = PBXGroup;
			children = (
				172141C51EFD56F4005B1CC2 /* Constants.swift */,
			);
			path = Constant;
			sourceTree = "<group>";
		};
		172141C91EFD5824005B1CC2 /* Util */ = {
			isa = PBXGroup;
			children = (
				17AB183A1F1687A9007AA423 /* AnimationUtil.swift */,
				17B47C041F04249C0074CB42 /* Popover.swift */,
				17B81E9A1F0052870058875D /* PopupUtil.swift */,
				172141CA1EFD5844005B1CC2 /* ColorExtension.swift */,
				17B81E8E1EFEF5220058875D /* StringExtension.swift */,
				38E476EA1F02480700274CE8 /* UserDefaultUtils.swift */,
				38E439E21F04CD6F00F4129E /* DateUtil.swift */,
				38B57AA71F0E1AA0004A1740 /* ViewExtension.swift */,
				17AB183C1F171E8A007AA423 /* ImageView+KingFisherExtension.swift */,
			);
			path = Util;
			sourceTree = "<group>";
		};
		17B81E7D1EFE627F0058875D /* Models */ = {
			isa = PBXGroup;
			children = (
				17B81E7E1EFE62950058875D /* SalonStoreModel.swift */,
				17B81E841EFEBB550058875D /* SalonProductModel.swift */,
				17B81E961F0018F20058875D /* StaffModel.swift */,
				17B81E9C1F00578A0058875D /* NotificationModel.swift */,
				38E476E81F02464600274CE8 /* User.swift */,
				17B47C061F042C350074CB42 /* OrderModel.swift */,
				38E439E41F04D39F00F4129E /* PaymentModel.swift */,
			);
			path = Models;
			sourceTree = "<group>";
		};
		17F6B51A1EFD775400183139 /* CustomView */ = {
			isa = PBXGroup;
			children = (
				17FE29801F1625D100997E13 /* MyMarkerMap.swift */,
				17F6B51B1EFD778000183139 /* CustomInputField.swift */,
				17B81E861EFEC2820058875D /* ProductTableViewCell.swift */,
				17B81E901EFFEE4D0058875D /* CartTableViewCell.swift */,
				17B81E981F001CCA0058875D /* StaffTableViewCell.swift */,
				17B81E9E1F005B320058875D /* NotificationTableViewCell.swift */,
				38E439E61F04FB9400F4129E /* SettingItemTableViewCell.swift */,
				17FE29651F1225D800997E13 /* MyTabbar.swift */,
				17FE29691F12483D00997E13 /* CalendarCollectionViewCell.swift */,
			);
			path = CustomView;
			sourceTree = "<group>";
		};
		17FE296B1F12AFF200997E13 /* FloatRating */ = {
			isa = PBXGroup;
			children = (
				17FE296C1F12AFF200997E13 /* FloatRatingView.swift */,
			);
			path = FloatRating;
			sourceTree = "<group>";
		};
		17FE29771F1375B200997E13 /* Fonts */ = {
			isa = PBXGroup;
			children = (
				17FE29781F1375B200997E13 /* HelveticaNeueLTStd-Lt.ttf */,
			);
			path = Fonts;
			sourceTree = "<group>";
		};
		385938551EFCF76700087743 = {
			isa = PBXGroup;
			children = (
				385938601EFCF76800087743 /* SSSOrder */,
				385938751EFCF76900087743 /* SSSOrderTests */,
				3859385F1EFCF76800087743 /* Products */,
				4A3F7E162DB410843FC57C85 /* Pods */,
				C0776B55985E1453CD0E3C6E /* Frameworks */,
			);
			sourceTree = "<group>";
		};
		3859385F1EFCF76800087743 /* Products */ = {
			isa = PBXGroup;
			children = (
				3859385E1EFCF76800087743 /* SSSOrder.app */,
				385938721EFCF76900087743 /* SSSOrderTests.xctest */,
			);
			name = Products;
			sourceTree = "<group>";
		};
		385938601EFCF76800087743 /* SSSOrder */ = {
			isa = PBXGroup;
			children = (
				17208CBF1F0F651900B3903A /* Vendors */,
				1706A4CC1F090855007ED08C /* Assets.xcassets */,
				38A749891F08EC0100C89CE2 /* SSSOrder.entitlements */,
				38E439D91F035BC000F4129E /* Controllers */,
				38E476EC1F02622500274CE8 /* Services */,
				17B81E7D1EFE627F0058875D /* Models */,
				172141C31EFD56F4005B1CC2 /* Common */,
				38CB8B631EFCF8760052D5FC /* Views */,
				385938611EFCF76800087743 /* AppDelegate.swift */,
				385938651EFCF76800087743 /* Main.storyboard */,
				3859386A1EFCF76800087743 /* LaunchScreen.storyboard */,
				3859386D1EFCF76800087743 /* Info.plist */,
				17F6B5211EFD832B00183139 /* Localizable.strings */,
				17B81E791EFE59390058875D /* MapStyle.json */,
			);
			path = SSSOrder;
			sourceTree = "<group>";
		};
		385938751EFCF76900087743 /* SSSOrderTests */ = {
			isa = PBXGroup;
			children = (
				385938761EFCF76900087743 /* SSSOrderTests.swift */,
				385938781EFCF76900087743 /* Info.plist */,
			);
			path = SSSOrderTests;
			sourceTree = "<group>";
		};
		38CB8B631EFCF8760052D5FC /* Views */ = {
			isa = PBXGroup;
			children = (
				17F6B51A1EFD775400183139 /* CustomView */,
				38CB8B641EFCF8760052D5FC /* BaseController.swift */,
				172141BD1EFD55DB005B1CC2 /* SplashScreenViewController.swift */,
				17F6B5181EFD6E8A00183139 /* LoginViewController.swift */,
				17F6B5221EFDA45300183139 /* RegisterViewController.swift */,
				1747E32C1EFE151900325011 /* HomeViewController.swift */,
				17B81E801EFE7BC00058875D /* NotificationViewController.swift */,
				17B81E821EFE89320058875D /* StoreWithProductViewController.swift */,
				17B81E881EFEEBEA0058875D /* SettingViewController.swift */,
				17B81E8A1EFEECA40058875D /* CartViewController.swift */,
				17B81E921F0017A10058875D /* StaffViewController.swift */,
				17B81E941F0017BA0058875D /* SubmitOrderViewController.swift */,
				17B81EA01F0061ED0058875D /* NotificationItemViewController.swift */,
				17ABBEBF1F1D10E700F86DAC /* BookingHistoryViewController.swift */,
			);
			path = Views;
			sourceTree = "<group>";
		};
		38E439D91F035BC000F4129E /* Controllers */ = {
			isa = PBXGroup;
			children = (
				38E439DA1F035BD100F4129E /* LoginController.swift */,
				38E439DC1F0381D000F4129E /* RegisterController.swift */,
				38E439DE1F038F7800F4129E /* StoreController.swift */,
				38E439E01F03AB2800F4129E /* ProductController.swift */,
				17B47BFF1F0415B50074CB42 /* OrderController.swift */,
				38EA1E701F0B3E1000BB3BCC /* NotificationController.swift */,
				17ABBEC11F1D115600F86DAC /* HistoryBookingController.swift */,
			);
			path = Controllers;
			sourceTree = "<group>";
		};
		38E476EC1F02622500274CE8 /* Services */ = {
			isa = PBXGroup;
			children = (
				38E476ED1F02624900274CE8 /* APIService.swift */,
			);
			path = Services;
			sourceTree = "<group>";
		};
		4A3F7E162DB410843FC57C85 /* Pods */ = {
			isa = PBXGroup;
			children = (
				AEEF60487A17C3777E1032ED /* Pods-SSSOrder.debug.xcconfig */,
				A78DCD252694CA64FB63C534 /* Pods-SSSOrder.release.xcconfig */,
				BD35738B1CCDA6CB3BEC6632 /* Pods-SSSOrderTests.debug.xcconfig */,
				31D8A477D870A20A83859563 /* Pods-SSSOrderTests.release.xcconfig */,
			);
			name = Pods;
			sourceTree = "<group>";
		};
		C0776B55985E1453CD0E3C6E /* Frameworks */ = {
			isa = PBXGroup;
			children = (
				38A7498C1F08EDF900C89CE2 /* UserNotifications.framework */,
				38A7498A1F08EDEC00C89CE2 /* UserNotificationsUI.framework */,
				4B7073DD9A428B32E4966881 /* Pods_SSSOrder.framework */,
				4D9EF06BFDDA08F2BFAFB084 /* Pods_SSSOrderTests.framework */,
			);
			name = Frameworks;
			sourceTree = "<group>";
		};
/* End PBXGroup section */

/* Begin PBXNativeTarget section */
		3859385D1EFCF76700087743 /* SSSOrder */ = {
			isa = PBXNativeTarget;
			buildConfigurationList = 3859387B1EFCF76900087743 /* Build configuration list for PBXNativeTarget "SSSOrder" */;
			buildPhases = (
				1C3C2C00C558B11C71857BA7 /* [CP] Check Pods Manifest.lock */,
				3859385A1EFCF76700087743 /* Sources */,
				3859385B1EFCF76700087743 /* Frameworks */,
				3859385C1EFCF76700087743 /* Resources */,
				60917E32D9F398B001692215 /* [CP] Embed Pods Frameworks */,
				0AD5CC0E7C492B5DE3F55C30 /* [CP] Copy Pods Resources */,
				17F6B5151EFD5DDA00183139 /* ShellScript */,
			);
			buildRules = (
			);
			dependencies = (
			);
			name = SSSOrder;
			productName = SSSOrder;
			productReference = 3859385E1EFCF76800087743 /* SSSOrder.app */;
			productType = "com.apple.product-type.application";
		};
		385938711EFCF76900087743 /* SSSOrderTests */ = {
			isa = PBXNativeTarget;
			buildConfigurationList = 3859387E1EFCF76900087743 /* Build configuration list for PBXNativeTarget "SSSOrderTests" */;
			buildPhases = (
				152BDE86D25F334AE9D1A3DC /* [CP] Check Pods Manifest.lock */,
				3859386E1EFCF76900087743 /* Sources */,
				3859386F1EFCF76900087743 /* Frameworks */,
				385938701EFCF76900087743 /* Resources */,
				427F46668966E22690F6B41A /* [CP] Embed Pods Frameworks */,
				15744BCB340FEC2FBDA22794 /* [CP] Copy Pods Resources */,
			);
			buildRules = (
			);
			dependencies = (
				385938741EFCF76900087743 /* PBXTargetDependency */,
			);
			name = SSSOrderTests;
			productName = SSSOrderTests;
			productReference = 385938721EFCF76900087743 /* SSSOrderTests.xctest */;
			productType = "com.apple.product-type.bundle.unit-test";
		};
/* End PBXNativeTarget section */

/* Begin PBXProject section */
		385938561EFCF76700087743 /* Project object */ = {
			isa = PBXProject;
			attributes = {
				LastSwiftUpdateCheck = 0820;
				LastUpgradeCheck = 0820;
				ORGANIZATIONNAME = ToanHo;
				TargetAttributes = {
					3859385D1EFCF76700087743 = {
						CreatedOnToolsVersion = 8.2.1;
						DevelopmentTeam = LUUBU2X3RC;
						ProvisioningStyle = Automatic;
						SystemCapabilities = {
							com.apple.Push = {
								enabled = 1;
							};
						};
					};
					385938711EFCF76900087743 = {
						CreatedOnToolsVersion = 8.2.1;
						DevelopmentTeam = LUUBU2X3RC;
						ProvisioningStyle = Automatic;
						TestTargetID = 3859385D1EFCF76700087743;
					};
				};
			};
			buildConfigurationList = 385938591EFCF76700087743 /* Build configuration list for PBXProject "SSSOrder" */;
			compatibilityVersion = "Xcode 3.2";
			developmentRegion = English;
			hasScannedForEncodings = 0;
			knownRegions = (
				en,
				Base,
			);
			mainGroup = 385938551EFCF76700087743;
			productRefGroup = 3859385F1EFCF76800087743 /* Products */;
			projectDirPath = "";
			projectRoot = "";
			targets = (
				3859385D1EFCF76700087743 /* SSSOrder */,
				385938711EFCF76900087743 /* SSSOrderTests */,
			);
		};
/* End PBXProject section */

/* Begin PBXResourcesBuildPhase section */
		3859385C1EFCF76700087743 /* Resources */ = {
			isa = PBXResourcesBuildPhase;
			buildActionMask = 2147483647;
			files = (
				3859386C1EFCF76800087743 /* LaunchScreen.storyboard in Resources */,
				17B81E7A1EFE59390058875D /* MapStyle.json in Resources */,
				17F6B51F1EFD832B00183139 /* Localizable.strings in Resources */,
				17FE29791F1375B200997E13 /* HelveticaNeueLTStd-Lt.ttf in Resources */,
				385938671EFCF76800087743 /* Main.storyboard in Resources */,
				1706A4CD1F090855007ED08C /* Assets.xcassets in Resources */,
			);
			runOnlyForDeploymentPostprocessing = 0;
		};
		385938701EFCF76900087743 /* Resources */ = {
			isa = PBXResourcesBuildPhase;
			buildActionMask = 2147483647;
			files = (
			);
			runOnlyForDeploymentPostprocessing = 0;
		};
/* End PBXResourcesBuildPhase section */

/* Begin PBXShellScriptBuildPhase section */
		0AD5CC0E7C492B5DE3F55C30 /* [CP] Copy Pods Resources */ = {
			isa = PBXShellScriptBuildPhase;
			buildActionMask = 2147483647;
			files = (
			);
			inputPaths = (
			);
			name = "[CP] Copy Pods Resources";
			outputPaths = (
			);
			runOnlyForDeploymentPostprocessing = 0;
			shellPath = /bin/sh;
			shellScript = "\"${SRCROOT}/Pods/Target Support Files/Pods-SSSOrder/Pods-SSSOrder-resources.sh\"\n";
			showEnvVarsInLog = 0;
		};
		152BDE86D25F334AE9D1A3DC /* [CP] Check Pods Manifest.lock */ = {
			isa = PBXShellScriptBuildPhase;
			buildActionMask = 2147483647;
			files = (
			);
			inputPaths = (
			);
			name = "[CP] Check Pods Manifest.lock";
			outputPaths = (
			);
			runOnlyForDeploymentPostprocessing = 0;
			shellPath = /bin/sh;
			shellScript = "diff \"${PODS_ROOT}/../Podfile.lock\" \"${PODS_ROOT}/Manifest.lock\" > /dev/null\nif [ $? != 0 ] ; then\n    # print error to STDERR\n    echo \"error: The sandbox is not in sync with the Podfile.lock. Run 'pod install' or update your CocoaPods installation.\" >&2\n    exit 1\nfi\n";
			showEnvVarsInLog = 0;
		};
		15744BCB340FEC2FBDA22794 /* [CP] Copy Pods Resources */ = {
			isa = PBXShellScriptBuildPhase;
			buildActionMask = 2147483647;
			files = (
			);
			inputPaths = (
			);
			name = "[CP] Copy Pods Resources";
			outputPaths = (
			);
			runOnlyForDeploymentPostprocessing = 0;
			shellPath = /bin/sh;
			shellScript = "\"${SRCROOT}/Pods/Target Support Files/Pods-SSSOrderTests/Pods-SSSOrderTests-resources.sh\"\n";
			showEnvVarsInLog = 0;
		};
		17F6B5151EFD5DDA00183139 /* ShellScript */ = {
			isa = PBXShellScriptBuildPhase;
			buildActionMask = 2147483647;
			files = (
			);
			inputPaths = (
			);
			outputPaths = (
			);
			runOnlyForDeploymentPostprocessing = 0;
			shellPath = /bin/sh;
			shellScript = "${PODS_ROOT}/SwiftLint/swiftlint";
		};
		1C3C2C00C558B11C71857BA7 /* [CP] Check Pods Manifest.lock */ = {
			isa = PBXShellScriptBuildPhase;
			buildActionMask = 2147483647;
			files = (
			);
			inputPaths = (
			);
			name = "[CP] Check Pods Manifest.lock";
			outputPaths = (
			);
			runOnlyForDeploymentPostprocessing = 0;
			shellPath = /bin/sh;
			shellScript = "diff \"${PODS_ROOT}/../Podfile.lock\" \"${PODS_ROOT}/Manifest.lock\" > /dev/null\nif [ $? != 0 ] ; then\n    # print error to STDERR\n    echo \"error: The sandbox is not in sync with the Podfile.lock. Run 'pod install' or update your CocoaPods installation.\" >&2\n    exit 1\nfi\n";
			showEnvVarsInLog = 0;
		};
		427F46668966E22690F6B41A /* [CP] Embed Pods Frameworks */ = {
			isa = PBXShellScriptBuildPhase;
			buildActionMask = 2147483647;
			files = (
			);
			inputPaths = (
			);
			name = "[CP] Embed Pods Frameworks";
			outputPaths = (
			);
			runOnlyForDeploymentPostprocessing = 0;
			shellPath = /bin/sh;
			shellScript = "\"${SRCROOT}/Pods/Target Support Files/Pods-SSSOrderTests/Pods-SSSOrderTests-frameworks.sh\"\n";
			showEnvVarsInLog = 0;
		};
		60917E32D9F398B001692215 /* [CP] Embed Pods Frameworks */ = {
			isa = PBXShellScriptBuildPhase;
			buildActionMask = 2147483647;
			files = (
			);
			inputPaths = (
			);
			name = "[CP] Embed Pods Frameworks";
			outputPaths = (
			);
			runOnlyForDeploymentPostprocessing = 0;
			shellPath = /bin/sh;
			shellScript = "\"${SRCROOT}/Pods/Target Support Files/Pods-SSSOrder/Pods-SSSOrder-frameworks.sh\"\n";
			showEnvVarsInLog = 0;
		};
/* End PBXShellScriptBuildPhase section */

/* Begin PBXSourcesBuildPhase section */
		3859385A1EFCF76700087743 /* Sources */ = {
			isa = PBXSourcesBuildPhase;
			buildActionMask = 2147483647;
			files = (
				17208CD51F0F651900B3903A /* TextFieldEffects.swift in Sources */,
				17FE296A1F12483D00997E13 /* CalendarCollectionViewCell.swift in Sources */,
				17F6B5191EFD6E8A00183139 /* LoginViewController.swift in Sources */,
				38E439E11F03AB2800F4129E /* ProductController.swift in Sources */,
				17208CD21F0F651900B3903A /* KaedeTextField.swift in Sources */,
				38E439E71F04FB9400F4129E /* SettingItemTableViewCell.swift in Sources */,
				17208CD01F0F651900B3903A /* IsaoTextField.swift in Sources */,
				38E439DD1F0381D000F4129E /* RegisterController.swift in Sources */,
				17B81E9F1F005B320058875D /* NotificationTableViewCell.swift in Sources */,
				38E439E51F04D39F00F4129E /* PaymentModel.swift in Sources */,
				38E476EE1F02624900274CE8 /* APIService.swift in Sources */,
				17B81E9B1F0052870058875D /* PopupUtil.swift in Sources */,
				17B81E951F0017BA0058875D /* SubmitOrderViewController.swift in Sources */,
				17B81E931F0017A10058875D /* StaffViewController.swift in Sources */,
				17208CD11F0F651900B3903A /* JiroTextField.swift in Sources */,
				38EA1E711F0B3E1000BB3BCC /* NotificationController.swift in Sources */,
				38E476E91F02464600274CE8 /* User.swift in Sources */,
				17B81E811EFE7BC00058875D /* NotificationViewController.swift in Sources */,
				38B57AA81F0E1AA0004A1740 /* ViewExtension.swift in Sources */,
				38CB8B651EFCF8760052D5FC /* BaseController.swift in Sources */,
				17FE29811F1625D100997E13 /* MyMarkerMap.swift in Sources */,
				38E476EB1F02480700274CE8 /* UserDefaultUtils.swift in Sources */,
				17B81E911EFFEE4D0058875D /* CartTableViewCell.swift in Sources */,
				17208CD61F0F651900B3903A /* YokoTextField.swift in Sources */,
				385938621EFCF76800087743 /* AppDelegate.swift in Sources */,
				17B81E831EFE89320058875D /* StoreWithProductViewController.swift in Sources */,
				17B81E891EFEEBEA0058875D /* SettingViewController.swift in Sources */,
				17F6B5231EFDA45300183139 /* RegisterViewController.swift in Sources */,
				17B81E991F001CCA0058875D /* StaffTableViewCell.swift in Sources */,
				17ABBEC01F1D10E700F86DAC /* BookingHistoryViewController.swift in Sources */,
				17FE29661F1225D800997E13 /* MyTabbar.swift in Sources */,
				172141BE1EFD55DB005B1CC2 /* SplashScreenViewController.swift in Sources */,
				17208CD71F0F651900B3903A /* YoshikoTextField.swift in Sources */,
				17B81E8F1EFEF5220058875D /* StringExtension.swift in Sources */,
				17B81E971F0018F20058875D /* StaffModel.swift in Sources */,
				38E439DB1F035BD100F4129E /* LoginController.swift in Sources */,
				17B81EA11F0061ED0058875D /* NotificationItemViewController.swift in Sources */,
				38E439E31F04CD6F00F4129E /* DateUtil.swift in Sources */,
				1747E32D1EFE151900325011 /* HomeViewController.swift in Sources */,
				17208CD31F0F651900B3903A /* MadokaTextField.swift in Sources */,
				17B47C001F0415B50074CB42 /* OrderController.swift in Sources */,
				17208CCD1F0F651900B3903A /* AkiraTextField.swift in Sources */,
				17208CD41F0F651900B3903A /* MinoruTextField.swift in Sources */,
				17AB183D1F171E8A007AA423 /* ImageView+KingFisherExtension.swift in Sources */,
				17F6B51C1EFD778000183139 /* CustomInputField.swift in Sources */,
				17FE296D1F12AFF200997E13 /* FloatRatingView.swift in Sources */,
				17B81E871EFEC2820058875D /* ProductTableViewCell.swift in Sources */,
				17B47C051F04249C0074CB42 /* Popover.swift in Sources */,
				17B47C071F042C350074CB42 /* OrderModel.swift in Sources */,
				17ABBEC21F1D115600F86DAC /* HistoryBookingController.swift in Sources */,
				17B81E9D1F00578A0058875D /* NotificationModel.swift in Sources */,
				17B81E851EFEBB550058875D /* SalonProductModel.swift in Sources */,
				17B81E8B1EFEECA40058875D /* CartViewController.swift in Sources */,
				17208CCE1F0F651900B3903A /* HoshiTextField.swift in Sources */,
				38E439DF1F038F7800F4129E /* StoreController.swift in Sources */,
				17AB183B1F1687A9007AA423 /* AnimationUtil.swift in Sources */,
				172141C61EFD56F4005B1CC2 /* Constants.swift in Sources */,
				172141CB1EFD5844005B1CC2 /* ColorExtension.swift in Sources */,
				17B81E7F1EFE62950058875D /* SalonStoreModel.swift in Sources */,
			);
			runOnlyForDeploymentPostprocessing = 0;
		};
		3859386E1EFCF76900087743 /* Sources */ = {
			isa = PBXSourcesBuildPhase;
			buildActionMask = 2147483647;
			files = (
				385938771EFCF76900087743 /* SSSOrderTests.swift in Sources */,
			);
			runOnlyForDeploymentPostprocessing = 0;
		};
/* End PBXSourcesBuildPhase section */

/* Begin PBXTargetDependency section */
		385938741EFCF76900087743 /* PBXTargetDependency */ = {
			isa = PBXTargetDependency;
			target = 3859385D1EFCF76700087743 /* SSSOrder */;
			targetProxy = 385938731EFCF76900087743 /* PBXContainerItemProxy */;
		};
/* End PBXTargetDependency section */

/* Begin PBXVariantGroup section */
		17F6B5211EFD832B00183139 /* Localizable.strings */ = {
			isa = PBXVariantGroup;
			children = (
				17F6B5201EFD832B00183139 /* Base */,
			);
			name = Localizable.strings;
			sourceTree = "<group>";
		};
		385938651EFCF76800087743 /* Main.storyboard */ = {
			isa = PBXVariantGroup;
			children = (
				385938661EFCF76800087743 /* Base */,
			);
			name = Main.storyboard;
			sourceTree = "<group>";
		};
		3859386A1EFCF76800087743 /* LaunchScreen.storyboard */ = {
			isa = PBXVariantGroup;
			children = (
				3859386B1EFCF76800087743 /* Base */,
			);
			name = LaunchScreen.storyboard;
			sourceTree = "<group>";
		};
/* End PBXVariantGroup section */

/* Begin XCBuildConfiguration section */
		385938791EFCF76900087743 /* Debug */ = {
			isa = XCBuildConfiguration;
			buildSettings = {
				ALWAYS_SEARCH_USER_PATHS = NO;
				CLANG_ANALYZER_NONNULL = YES;
				CLANG_CXX_LANGUAGE_STANDARD = "gnu++0x";
				CLANG_CXX_LIBRARY = "libc++";
				CLANG_ENABLE_MODULES = YES;
				CLANG_ENABLE_OBJC_ARC = YES;
				CLANG_WARN_BOOL_CONVERSION = YES;
				CLANG_WARN_CONSTANT_CONVERSION = YES;
				CLANG_WARN_DIRECT_OBJC_ISA_USAGE = YES_ERROR;
				CLANG_WARN_DOCUMENTATION_COMMENTS = YES;
				CLANG_WARN_EMPTY_BODY = YES;
				CLANG_WARN_ENUM_CONVERSION = YES;
				CLANG_WARN_INFINITE_RECURSION = YES;
				CLANG_WARN_INT_CONVERSION = YES;
				CLANG_WARN_OBJC_ROOT_CLASS = YES_ERROR;
				CLANG_WARN_SUSPICIOUS_MOVE = YES;
				CLANG_WARN_UNREACHABLE_CODE = YES;
				CLANG_WARN__DUPLICATE_METHOD_MATCH = YES;
				"CODE_SIGN_IDENTITY[sdk=iphoneos*]" = "iPhone Developer";
				COPY_PHASE_STRIP = NO;
				DEBUG_INFORMATION_FORMAT = dwarf;
				ENABLE_STRICT_OBJC_MSGSEND = YES;
				ENABLE_TESTABILITY = YES;
				GCC_C_LANGUAGE_STANDARD = gnu99;
				GCC_DYNAMIC_NO_PIC = NO;
				GCC_NO_COMMON_BLOCKS = YES;
				GCC_OPTIMIZATION_LEVEL = 0;
				GCC_PREPROCESSOR_DEFINITIONS = (
					"DEBUG=1",
					"$(inherited)",
				);
				GCC_WARN_64_TO_32_BIT_CONVERSION = YES;
				GCC_WARN_ABOUT_RETURN_TYPE = YES_ERROR;
				GCC_WARN_UNDECLARED_SELECTOR = YES;
				GCC_WARN_UNINITIALIZED_AUTOS = YES_AGGRESSIVE;
				GCC_WARN_UNUSED_FUNCTION = YES;
				GCC_WARN_UNUSED_VARIABLE = YES;
				IPHONEOS_DEPLOYMENT_TARGET = 10.2;
				MTL_ENABLE_DEBUG_INFO = YES;
				ONLY_ACTIVE_ARCH = YES;
				SDKROOT = iphoneos;
				SWIFT_ACTIVE_COMPILATION_CONDITIONS = DEBUG;
				SWIFT_OPTIMIZATION_LEVEL = "-Onone";
			};
			name = Debug;
		};
		3859387A1EFCF76900087743 /* Release */ = {
			isa = XCBuildConfiguration;
			buildSettings = {
				ALWAYS_SEARCH_USER_PATHS = NO;
				CLANG_ANALYZER_NONNULL = YES;
				CLANG_CXX_LANGUAGE_STANDARD = "gnu++0x";
				CLANG_CXX_LIBRARY = "libc++";
				CLANG_ENABLE_MODULES = YES;
				CLANG_ENABLE_OBJC_ARC = YES;
				CLANG_WARN_BOOL_CONVERSION = YES;
				CLANG_WARN_CONSTANT_CONVERSION = YES;
				CLANG_WARN_DIRECT_OBJC_ISA_USAGE = YES_ERROR;
				CLANG_WARN_DOCUMENTATION_COMMENTS = YES;
				CLANG_WARN_EMPTY_BODY = YES;
				CLANG_WARN_ENUM_CONVERSION = YES;
				CLANG_WARN_INFINITE_RECURSION = YES;
				CLANG_WARN_INT_CONVERSION = YES;
				CLANG_WARN_OBJC_ROOT_CLASS = YES_ERROR;
				CLANG_WARN_SUSPICIOUS_MOVE = YES;
				CLANG_WARN_UNREACHABLE_CODE = YES;
				CLANG_WARN__DUPLICATE_METHOD_MATCH = YES;
				"CODE_SIGN_IDENTITY[sdk=iphoneos*]" = "iPhone Developer";
				COPY_PHASE_STRIP = NO;
				DEBUG_INFORMATION_FORMAT = "dwarf-with-dsym";
				ENABLE_NS_ASSERTIONS = NO;
				ENABLE_STRICT_OBJC_MSGSEND = YES;
				GCC_C_LANGUAGE_STANDARD = gnu99;
				GCC_NO_COMMON_BLOCKS = YES;
				GCC_WARN_64_TO_32_BIT_CONVERSION = YES;
				GCC_WARN_ABOUT_RETURN_TYPE = YES_ERROR;
				GCC_WARN_UNDECLARED_SELECTOR = YES;
				GCC_WARN_UNINITIALIZED_AUTOS = YES_AGGRESSIVE;
				GCC_WARN_UNUSED_FUNCTION = YES;
				GCC_WARN_UNUSED_VARIABLE = YES;
				IPHONEOS_DEPLOYMENT_TARGET = 10.2;
				MTL_ENABLE_DEBUG_INFO = NO;
				SDKROOT = iphoneos;
				SWIFT_OPTIMIZATION_LEVEL = "-Owholemodule";
				VALIDATE_PRODUCT = YES;
			};
			name = Release;
		};
		3859387C1EFCF76900087743 /* Debug */ = {
			isa = XCBuildConfiguration;
			baseConfigurationReference = AEEF60487A17C3777E1032ED /* Pods-SSSOrder.debug.xcconfig */;
			buildSettings = {
				ASSETCATALOG_COMPILER_APPICON_NAME = AppIcon;
				CODE_SIGN_ENTITLEMENTS = SSSOrder/SSSOrder.entitlements;
				CODE_SIGN_IDENTITY = "Apple Development IOS Push Services: com.success.3sorder";
				"CODE_SIGN_IDENTITY[sdk=iphoneos*]" = "iPhone Developer";
				DEVELOPMENT_TEAM = LUUBU2X3RC;
				INFOPLIST_FILE = SSSOrder/Info.plist;
				IPHONEOS_DEPLOYMENT_TARGET = 9.0;
				LD_RUNPATH_SEARCH_PATHS = "$(inherited) @executable_path/Frameworks";
				PRODUCT_BUNDLE_IDENTIFIER = com.success.dev.3sbooking;
				PRODUCT_NAME = "$(TARGET_NAME)";
				SWIFT_VERSION = 3.0;
			};
			name = Debug;
		};
		3859387D1EFCF76900087743 /* Release */ = {
			isa = XCBuildConfiguration;
			baseConfigurationReference = A78DCD252694CA64FB63C534 /* Pods-SSSOrder.release.xcconfig */;
			buildSettings = {
				ASSETCATALOG_COMPILER_APPICON_NAME = AppIcon;
				CODE_SIGN_ENTITLEMENTS = SSSOrder/SSSOrder.entitlements;
				CODE_SIGN_IDENTITY = "Apple Push Services: com.success.3sorder";
				"CODE_SIGN_IDENTITY[sdk=iphoneos*]" = "iPhone Developer";
				DEVELOPMENT_TEAM = LUUBU2X3RC;
				INFOPLIST_FILE = SSSOrder/Info.plist;
				IPHONEOS_DEPLOYMENT_TARGET = 9.0;
				LD_RUNPATH_SEARCH_PATHS = "$(inherited) @executable_path/Frameworks";
				PRODUCT_BUNDLE_IDENTIFIER = com.success.dev.3sbooking;
				PRODUCT_NAME = "$(TARGET_NAME)";
				SWIFT_VERSION = 3.0;
			};
			name = Release;
		};
		3859387F1EFCF76900087743 /* Debug */ = {
			isa = XCBuildConfiguration;
			baseConfigurationReference = BD35738B1CCDA6CB3BEC6632 /* Pods-SSSOrderTests.debug.xcconfig */;
			buildSettings = {
				ALWAYS_EMBED_SWIFT_STANDARD_LIBRARIES = YES;
				BUNDLE_LOADER = "$(TEST_HOST)";
				DEVELOPMENT_TEAM = LUUBU2X3RC;
				INFOPLIST_FILE = SSSOrderTests/Info.plist;
				LD_RUNPATH_SEARCH_PATHS = "$(inherited) @executable_path/Frameworks @loader_path/Frameworks";
				PRODUCT_BUNDLE_IDENTIFIER = com.success.mobile.SSSOrderTests;
				PRODUCT_NAME = "$(TARGET_NAME)";
				SWIFT_VERSION = 3.0;
				TEST_HOST = "$(BUILT_PRODUCTS_DIR)/SSSOrder.app/SSSOrder";
			};
			name = Debug;
		};
		385938801EFCF76900087743 /* Release */ = {
			isa = XCBuildConfiguration;
			baseConfigurationReference = 31D8A477D870A20A83859563 /* Pods-SSSOrderTests.release.xcconfig */;
			buildSettings = {
				ALWAYS_EMBED_SWIFT_STANDARD_LIBRARIES = YES;
				BUNDLE_LOADER = "$(TEST_HOST)";
				DEVELOPMENT_TEAM = LUUBU2X3RC;
				INFOPLIST_FILE = SSSOrderTests/Info.plist;
				LD_RUNPATH_SEARCH_PATHS = "$(inherited) @executable_path/Frameworks @loader_path/Frameworks";
				PRODUCT_BUNDLE_IDENTIFIER = com.success.mobile.SSSOrderTests;
				PRODUCT_NAME = "$(TARGET_NAME)";
				SWIFT_VERSION = 3.0;
				TEST_HOST = "$(BUILT_PRODUCTS_DIR)/SSSOrder.app/SSSOrder";
			};
			name = Release;
		};
/* End XCBuildConfiguration section */

/* Begin XCConfigurationList section */
		385938591EFCF76700087743 /* Build configuration list for PBXProject "SSSOrder" */ = {
			isa = XCConfigurationList;
			buildConfigurations = (
				385938791EFCF76900087743 /* Debug */,
				3859387A1EFCF76900087743 /* Release */,
			);
			defaultConfigurationIsVisible = 0;
			defaultConfigurationName = Release;
		};
		3859387B1EFCF76900087743 /* Build configuration list for PBXNativeTarget "SSSOrder" */ = {
			isa = XCConfigurationList;
			buildConfigurations = (
				3859387C1EFCF76900087743 /* Debug */,
				3859387D1EFCF76900087743 /* Release */,
			);
			defaultConfigurationIsVisible = 0;
			defaultConfigurationName = Release;
		};
		3859387E1EFCF76900087743 /* Build configuration list for PBXNativeTarget "SSSOrderTests" */ = {
			isa = XCConfigurationList;
			buildConfigurations = (
				3859387F1EFCF76900087743 /* Debug */,
				385938801EFCF76900087743 /* Release */,
			);
			defaultConfigurationIsVisible = 0;
			defaultConfigurationName = Release;
		};
/* End XCConfigurationList section */
	};
	rootObject = 385938561EFCF76700087743 /* Project object */;
}
